
Microsoft Visual Studio Solution File, Format Version 12.00
Project("{2150E333-8FDC-42A3-9474-1A3956D46DE8}") = "src", "src", "{1A343226-1BC7-49B8-B888-07000462110C}"
EndProject
Project("{2150E333-8FDC-42A3-9474-1A3956D46DE8}") = "BuildingBlocks", "BuildingBlocks", "{C3018B8F-400E-4A8D-9466-3C5669F18480}"
EndProject
Project("{2150E333-8FDC-42A3-9474-1A3956D46DE8}") = "Services", "Services", "{6078F410-D8E4-4E16-8DAF-2C93B8E81349}"
EndProject
Project("{2150E333-8FDC-42A3-9474-1A3956D46DE8}") = "Web", "Web", "{2B49BD45-9BB2-4068-86A5-7D89D72979C8}"
EndProject
Project("{2150E333-8FDC-42A3-9474-1A3956D46DE8}") = "Identidade", "Identidade", "{372279E6-064E-429D-98EC-74FBA2E59908}"
EndProject
Project("{FAE04EC0-301F-11D3-BF4B-00C04F79EFBC}") = "NSE.Identidade.API", "src\Services\Identidade\NSE.Identidade.API\NSE.Identidade.API.csproj", "{369CC739-D41F-4F3E-A294-ADA738028C7E}"
EndProject
Project("{2150E333-8FDC-42A3-9474-1A3956D46DE8}") = "Core", "Core", "{0776D3E7-139D-41E8-982F-92D8709BC749}"
EndProject
Project("{FAE04EC0-301F-11D3-BF4B-00C04F79EFBC}") = "NSE.Core", "src\BuildingBlocks\Core\NSE.Core\NSE.Core.csproj", "{56CEEB8C-769E-49DA-95B2-87B7ECBAC5C8}"
EndProject
Project("{2150E333-8FDC-42A3-9474-1A3956D46DE8}") = "Pagamento", "Pagamento", "{31895261-B273-4403-9AC6-014E3969A932}"
EndProject
Project("{2150E333-8FDC-42A3-9474-1A3956D46DE8}") = "Pedido", "Pedido", "{2C4EB36C-62B7-42F3-85F3-62CDAB096755}"
EndProject
Project("{2150E333-8FDC-42A3-9474-1A3956D46DE8}") = "Carrinho", "Carrinho", "{596A66D6-CF52-4AC7-906C-23C19AB34775}"
EndProject
Project("{2150E333-8FDC-42A3-9474-1A3956D46DE8}") = "Cliente", "Cliente", "{72F4439E-973B-4905-B28A-1CC2FADEAFF8}"
EndProject
Project("{2150E333-8FDC-42A3-9474-1A3956D46DE8}") = "Catalogo", "Catalogo", "{39CF6A58-D63C-43B4-88E7-2F0587EFA36D}"
EndProject
Project("{FAE04EC0-301F-11D3-BF4B-00C04F79EFBC}") = "NSE.Carrinho.API", "src\Services\Carrinho\NSE.Carrinho.API\NSE.Carrinho.API.csproj", "{D1996C0D-6633-4711-B363-52AE8C723FA7}"
EndProject
Project("{FAE04EC0-301F-11D3-BF4B-00C04F79EFBC}") = "NSE.Catalogo.API", "src\Services\Catalogo\NSE.Catalogo.API\NSE.Catalogo.API.csproj", "{160B0373-4625-43A6-ABAF-36BB7485B214}"
EndProject
Project("{FAE04EC0-301F-11D3-BF4B-00C04F79EFBC}") = "NSE.Cliente.API", "src\Services\Cliente\NSE.Cliente.API\NSE.Cliente.API.csproj", "{B84CE082-D067-4333-9D23-F894F0C64D9A}"
EndProject
Project("{FAE04EC0-301F-11D3-BF4B-00C04F79EFBC}") = "NSE.Pagamento.API", "src\Services\Pagamento\NSE.Pagamento.API\NSE.Pagamento.API.csproj", "{4EB7F840-66DD-48B4-9ABE-FDC3A6C9DAFB}"
EndProject
Project("{FAE04EC0-301F-11D3-BF4B-00C04F79EFBC}") = "NSE.Pedido.API", "src\Services\Pedido\NSE.Pedido.API\NSE.Pedido.API.csproj", "{F0C91752-8911-457F-A389-6CA04C9B62F4}"
EndProject
Project("{2150E333-8FDC-42A3-9474-1A3956D46DE8}") = "MVC", "MVC", "{0F9C37AE-CA3D-4545-A8E9-78B38701BE94}"
EndProject
Project("{FAE04EC0-301F-11D3-BF4B-00C04F79EFBC}") = "NSE.WebMvc.APP", "src\Services\Web\MVC\NSE.WebMvc.APP\NSE.WebMvc.APP.csproj", "{C811E20F-5978-419B-BD9B-69BBBAE0D715}"
EndProject
Global
	GlobalSection(SolutionConfigurationPlatforms) = preSolution
		Debug|Any CPU = Debug|Any CPU
		Release|Any CPU = Release|Any CPU
	EndGlobalSection
	GlobalSection(NestedProjects) = preSolution
		{C3018B8F-400E-4A8D-9466-3C5669F18480} = {1A343226-1BC7-49B8-B888-07000462110C}
		{6078F410-D8E4-4E16-8DAF-2C93B8E81349} = {1A343226-1BC7-49B8-B888-07000462110C}
		{372279E6-064E-429D-98EC-74FBA2E59908} = {6078F410-D8E4-4E16-8DAF-2C93B8E81349}
		{369CC739-D41F-4F3E-A294-ADA738028C7E} = {372279E6-064E-429D-98EC-74FBA2E59908}
		{0776D3E7-139D-41E8-982F-92D8709BC749} = {C3018B8F-400E-4A8D-9466-3C5669F18480}
		{56CEEB8C-769E-49DA-95B2-87B7ECBAC5C8} = {0776D3E7-139D-41E8-982F-92D8709BC749}
		{31895261-B273-4403-9AC6-014E3969A932} = {6078F410-D8E4-4E16-8DAF-2C93B8E81349}
		{2C4EB36C-62B7-42F3-85F3-62CDAB096755} = {6078F410-D8E4-4E16-8DAF-2C93B8E81349}
		{596A66D6-CF52-4AC7-906C-23C19AB34775} = {6078F410-D8E4-4E16-8DAF-2C93B8E81349}
		{72F4439E-973B-4905-B28A-1CC2FADEAFF8} = {6078F410-D8E4-4E16-8DAF-2C93B8E81349}
		{39CF6A58-D63C-43B4-88E7-2F0587EFA36D} = {6078F410-D8E4-4E16-8DAF-2C93B8E81349}
		{D1996C0D-6633-4711-B363-52AE8C723FA7} = {596A66D6-CF52-4AC7-906C-23C19AB34775}
		{160B0373-4625-43A6-ABAF-36BB7485B214} = {39CF6A58-D63C-43B4-88E7-2F0587EFA36D}
		{B84CE082-D067-4333-9D23-F894F0C64D9A} = {72F4439E-973B-4905-B28A-1CC2FADEAFF8}
		{4EB7F840-66DD-48B4-9ABE-FDC3A6C9DAFB} = {31895261-B273-4403-9AC6-014E3969A932}
		{F0C91752-8911-457F-A389-6CA04C9B62F4} = {2C4EB36C-62B7-42F3-85F3-62CDAB096755}
		{2B49BD45-9BB2-4068-86A5-7D89D72979C8} = {6078F410-D8E4-4E16-8DAF-2C93B8E81349}
		{0F9C37AE-CA3D-4545-A8E9-78B38701BE94} = {2B49BD45-9BB2-4068-86A5-7D89D72979C8}
		{C811E20F-5978-419B-BD9B-69BBBAE0D715} = {0F9C37AE-CA3D-4545-A8E9-78B38701BE94}
	EndGlobalSection
	GlobalSection(ProjectConfigurationPlatforms) = postSolution
		{369CC739-D41F-4F3E-A294-ADA738028C7E}.Debug|Any CPU.ActiveCfg = Debug|Any CPU
		{369CC739-D41F-4F3E-A294-ADA738028C7E}.Debug|Any CPU.Build.0 = Debug|Any CPU
		{369CC739-D41F-4F3E-A294-ADA738028C7E}.Release|Any CPU.ActiveCfg = Release|Any CPU
		{369CC739-D41F-4F3E-A294-ADA738028C7E}.Release|Any CPU.Build.0 = Release|Any CPU
		{56CEEB8C-769E-49DA-95B2-87B7ECBAC5C8}.Debug|Any CPU.ActiveCfg = Debug|Any CPU
		{56CEEB8C-769E-49DA-95B2-87B7ECBAC5C8}.Debug|Any CPU.Build.0 = Debug|Any CPU
		{56CEEB8C-769E-49DA-95B2-87B7ECBAC5C8}.Release|Any CPU.ActiveCfg = Release|Any CPU
		{56CEEB8C-769E-49DA-95B2-87B7ECBAC5C8}.Release|Any CPU.Build.0 = Release|Any CPU
		{D1996C0D-6633-4711-B363-52AE8C723FA7}.Debug|Any CPU.ActiveCfg = Debug|Any CPU
		{D1996C0D-6633-4711-B363-52AE8C723FA7}.Debug|Any CPU.Build.0 = Debug|Any CPU
		{D1996C0D-6633-4711-B363-52AE8C723FA7}.Release|Any CPU.ActiveCfg = Release|Any CPU
		{D1996C0D-6633-4711-B363-52AE8C723FA7}.Release|Any CPU.Build.0 = Release|Any CPU
		{160B0373-4625-43A6-ABAF-36BB7485B214}.Debug|Any CPU.ActiveCfg = Debug|Any CPU
		{160B0373-4625-43A6-ABAF-36BB7485B214}.Debug|Any CPU.Build.0 = Debug|Any CPU
		{160B0373-4625-43A6-ABAF-36BB7485B214}.Release|Any CPU.ActiveCfg = Release|Any CPU
		{160B0373-4625-43A6-ABAF-36BB7485B214}.Release|Any CPU.Build.0 = Release|Any CPU
		{B84CE082-D067-4333-9D23-F894F0C64D9A}.Debug|Any CPU.ActiveCfg = Debug|Any CPU
		{B84CE082-D067-4333-9D23-F894F0C64D9A}.Debug|Any CPU.Build.0 = Debug|Any CPU
		{B84CE082-D067-4333-9D23-F894F0C64D9A}.Release|Any CPU.ActiveCfg = Release|Any CPU
		{B84CE082-D067-4333-9D23-F894F0C64D9A}.Release|Any CPU.Build.0 = Release|Any CPU
		{4EB7F840-66DD-48B4-9ABE-FDC3A6C9DAFB}.Debug|Any CPU.ActiveCfg = Debug|Any CPU
		{4EB7F840-66DD-48B4-9ABE-FDC3A6C9DAFB}.Debug|Any CPU.Build.0 = Debug|Any CPU
		{4EB7F840-66DD-48B4-9ABE-FDC3A6C9DAFB}.Release|Any CPU.ActiveCfg = Release|Any CPU
		{4EB7F840-66DD-48B4-9ABE-FDC3A6C9DAFB}.Release|Any CPU.Build.0 = Release|Any CPU
		{F0C91752-8911-457F-A389-6CA04C9B62F4}.Debug|Any CPU.ActiveCfg = Debug|Any CPU
		{F0C91752-8911-457F-A389-6CA04C9B62F4}.Debug|Any CPU.Build.0 = Debug|Any CPU
		{F0C91752-8911-457F-A389-6CA04C9B62F4}.Release|Any CPU.ActiveCfg = Release|Any CPU
		{F0C91752-8911-457F-A389-6CA04C9B62F4}.Release|Any CPU.Build.0 = Release|Any CPU
		{C811E20F-5978-419B-BD9B-69BBBAE0D715}.Debug|Any CPU.ActiveCfg = Debug|Any CPU
		{C811E20F-5978-419B-BD9B-69BBBAE0D715}.Debug|Any CPU.Build.0 = Debug|Any CPU
		{C811E20F-5978-419B-BD9B-69BBBAE0D715}.Release|Any CPU.ActiveCfg = Release|Any CPU
		{C811E20F-5978-419B-BD9B-69BBBAE0D715}.Release|Any CPU.Build.0 = Release|Any CPU
	EndGlobalSection
EndGlobal
